// !$*UTF8*$!
{
	archiveVersion = 1;
	classes = {
	};
	objectVersion = 55;
	objects = {

/* Begin PBXBuildFile section */
		4E2E5929287ECC56004B9A94 /* room.cpp in Sources */ = {isa = PBXBuildFile; fileRef = 4E2E5927287ECC56004B9A94 /* room.cpp */; };
		4E3338BA287C724500A08747 /* main.cpp in Sources */ = {isa = PBXBuildFile; fileRef = 4E3338B9287C724500A08747 /* main.cpp */; };
		4E3338C8287C740200A08747 /* game.cpp in Sources */ = {isa = PBXBuildFile; fileRef = 4E3338C7287C740200A08747 /* game.cpp */; };
		4E3338CA287D4B1E00A08747 /* player.cpp in Sources */ = {isa = PBXBuildFile; fileRef = 4E3338C9287D4B1E00A08747 /* player.cpp */; };
		4E43C2F4287EACA10001AB5F /* event.cpp in Sources */ = {isa = PBXBuildFile; fileRef = 4E43C2F2287EACA10001AB5F /* event.cpp */; };
		4E43C2FA287EBDB70001AB5F /* puzzle.cpp in Sources */ = {isa = PBXBuildFile; fileRef = 4E43C2F8287EBDB70001AB5F /* puzzle.cpp */; };
		4E9BE2B4287DD28B00C2F429 /* monster.cpp in Sources */ = {isa = PBXBuildFile; fileRef = 4E9BE2B2287DD28B00C2F429 /* monster.cpp */; };
		4E9BE2B7287E0E9600C2F429 /* item.cpp in Sources */ = {isa = PBXBuildFile; fileRef = 4E9BE2B5287E0E9600C2F429 /* item.cpp */; };
		4E9BE2BA287E0EEF00C2F429 /* inventory.cpp in Sources */ = {isa = PBXBuildFile; fileRef = 4E9BE2B8287E0EEF00C2F429 /* inventory.cpp */; };
		4E9BE2BD287E19C600C2F429 /* weapon.cpp in Sources */ = {isa = PBXBuildFile; fileRef = 4E9BE2BB287E19C600C2F429 /* weapon.cpp */; };
		4E9BE2C0287E19D100C2F429 /* armour.cpp in Sources */ = {isa = PBXBuildFile; fileRef = 4E9BE2BE287E19D100C2F429 /* armour.cpp */; };
/* End PBXBuildFile section */

/* Begin PBXCopyFilesBuildPhase section */
		4E3338B4287C724500A08747 /* CopyFiles */ = {
			isa = PBXCopyFilesBuildPhase;
			buildActionMask = 2147483647;
			dstPath = /usr/share/man/man1/;
			dstSubfolderSpec = 0;
			files = (
			);
			runOnlyForDeploymentPostprocessing = 1;
		};
/* End PBXCopyFilesBuildPhase section */

/* Begin PBXFileReference section */
		4E2E5927287ECC56004B9A94 /* room.cpp */ = {isa = PBXFileReference; lastKnownFileType = sourcecode.cpp.cpp; path = room.cpp; sourceTree = "<group>"; };
		4E2E5928287ECC56004B9A94 /* room.h */ = {isa = PBXFileReference; lastKnownFileType = sourcecode.c.h; path = room.h; sourceTree = "<group>"; };
		4E2E592A287ECDD5004B9A94 /* Puzzles */ = {isa = PBXFileReference; lastKnownFileType = folder; path = Puzzles; sourceTree = "<group>"; };
		4E2E592B287EEC63004B9A94 /* dArr.h */ = {isa = PBXFileReference; lastKnownFileType = sourcecode.c.h; path = dArr.h; sourceTree = "<group>"; };
		4E301442287F47060069A898 /* characters.txt */ = {isa = PBXFileReference; lastKnownFileType = text; path = characters.txt; sourceTree = "<group>"; };
		4E3338B6287C724500A08747 /* text_based_game */ = {isa = PBXFileReference; explicitFileType = "compiled.mach-o.executable"; includeInIndex = 0; path = text_based_game; sourceTree = BUILT_PRODUCTS_DIR; };
		4E3338B9287C724500A08747 /* main.cpp */ = {isa = PBXFileReference; lastKnownFileType = sourcecode.cpp.cpp; path = main.cpp; sourceTree = "<group>"; };
		4E3338C0287C740200A08747 /* player.h */ = {isa = PBXFileReference; fileEncoding = 4; lastKnownFileType = sourcecode.c.h; path = player.h; sourceTree = "<group>"; };
		4E3338C1287C740200A08747 /* game.h */ = {isa = PBXFileReference; fileEncoding = 4; lastKnownFileType = sourcecode.c.h; path = game.h; sourceTree = "<group>"; };
		4E3338C2287C740200A08747 /* inventory.h */ = {isa = PBXFileReference; fileEncoding = 4; lastKnownFileType = sourcecode.c.h; path = inventory.h; sourceTree = "<group>"; };
		4E3338C3287C740200A08747 /* intro.h */ = {isa = PBXFileReference; fileEncoding = 4; lastKnownFileType = sourcecode.c.h; path = intro.h; sourceTree = "<group>"; };
		4E3338C5287C740200A08747 /* senario.txt */ = {isa = PBXFileReference; fileEncoding = 4; lastKnownFileType = text; path = senario.txt; sourceTree = "<group>"; };
		4E3338C6287C740200A08747 /* STLIBINCLUDE.h */ = {isa = PBXFileReference; fileEncoding = 4; lastKnownFileType = sourcecode.c.h; path = STLIBINCLUDE.h; sourceTree = "<group>"; };
		4E3338C7287C740200A08747 /* game.cpp */ = {isa = PBXFileReference; fileEncoding = 4; lastKnownFileType = sourcecode.cpp.cpp; path = game.cpp; sourceTree = "<group>"; };
		4E3338C9287D4B1E00A08747 /* player.cpp */ = {isa = PBXFileReference; lastKnownFileType = sourcecode.cpp.cpp; path = player.cpp; sourceTree = "<group>"; };
		4E43C2F2287EACA10001AB5F /* event.cpp */ = {isa = PBXFileReference; lastKnownFileType = sourcecode.cpp.cpp; path = event.cpp; sourceTree = "<group>"; };
		4E43C2F3287EACA10001AB5F /* event.h */ = {isa = PBXFileReference; lastKnownFileType = sourcecode.c.h; path = event.h; sourceTree = "<group>"; };
		4E43C2F8287EBDB70001AB5F /* puzzle.cpp */ = {isa = PBXFileReference; fileEncoding = 4; lastKnownFileType = sourcecode.cpp.cpp; path = puzzle.cpp; sourceTree = "<group>"; };
		4E43C2F9287EBDB70001AB5F /* puzzle.h */ = {isa = PBXFileReference; fileEncoding = 4; lastKnownFileType = sourcecode.c.h; path = puzzle.h; sourceTree = "<group>"; };
		4E9BE2B2287DD28B00C2F429 /* monster.cpp */ = {isa = PBXFileReference; lastKnownFileType = sourcecode.cpp.cpp; path = monster.cpp; sourceTree = "<group>"; };
		4E9BE2B3287DD28B00C2F429 /* monster.h */ = {isa = PBXFileReference; lastKnownFileType = sourcecode.c.h; path = monster.h; sourceTree = "<group>"; };
		4E9BE2B5287E0E9600C2F429 /* item.cpp */ = {isa = PBXFileReference; lastKnownFileType = sourcecode.cpp.cpp; path = item.cpp; sourceTree = "<group>"; };
		4E9BE2B6287E0E9600C2F429 /* item.h */ = {isa = PBXFileReference; lastKnownFileType = sourcecode.c.h; path = item.h; sourceTree = "<group>"; };
		4E9BE2B8287E0EEF00C2F429 /* inventory.cpp */ = {isa = PBXFileReference; lastKnownFileType = sourcecode.cpp.cpp; path = inventory.cpp; sourceTree = "<group>"; };
		4E9BE2BB287E19C600C2F429 /* weapon.cpp */ = {isa = PBXFileReference; lastKnownFileType = sourcecode.cpp.cpp; path = weapon.cpp; sourceTree = "<group>"; };
		4E9BE2BC287E19C600C2F429 /* weapon.h */ = {isa = PBXFileReference; lastKnownFileType = sourcecode.c.h; path = weapon.h; sourceTree = "<group>"; };
		4E9BE2BE287E19D100C2F429 /* armour.cpp */ = {isa = PBXFileReference; lastKnownFileType = sourcecode.cpp.cpp; path = armour.cpp; sourceTree = "<group>"; };
		4E9BE2BF287E19D100C2F429 /* armour.h */ = {isa = PBXFileReference; lastKnownFileType = sourcecode.c.h; path = armour.h; sourceTree = "<group>"; };
/* End PBXFileReference section */

/* Begin PBXFrameworksBuildPhase section */
		4E3338B3287C724500A08747 /* Frameworks */ = {
			isa = PBXFrameworksBuildPhase;
			buildActionMask = 2147483647;
			files = (
			);
			runOnlyForDeploymentPostprocessing = 0;
		};
/* End PBXFrameworksBuildPhase section */

/* Begin PBXGroup section */
		4E3338AD287C724500A08747 = {
			isa = PBXGroup;
			children = (
				4E3338B8287C724500A08747 /* seven_seas_console_RPG */,
				4E3338B7287C724500A08747 /* Products */,
			);
			sourceTree = "<group>";
			usesTabs = 1;
		};
		4E3338B7287C724500A08747 /* Products */ = {
			isa = PBXGroup;
			children = (
				4E3338B6287C724500A08747 /* text_based_game */,
			);
			name = Products;
			sourceTree = "<group>";
		};
		4E3338B8287C724500A08747 /* seven_seas_console_RPG */ = {
			isa = PBXGroup;
			children = (
				4E43C2F8287EBDB70001AB5F /* puzzle.cpp */,
				4E43C2F9287EBDB70001AB5F /* puzzle.h */,
				4E3338B9287C724500A08747 /* main.cpp */,
				4E3338C0287C740200A08747 /* player.h */,
				4E2E5927287ECC56004B9A94 /* room.cpp */,
				4E2E5928287ECC56004B9A94 /* room.h */,
				4E43C2F2287EACA10001AB5F /* event.cpp */,
				4E2E592A287ECDD5004B9A94 /* Puzzles */,
				4E43C2F3287EACA10001AB5F /* event.h */,
				4E9BE2B5287E0E9600C2F429 /* item.cpp */,
				4E9BE2BB287E19C600C2F429 /* weapon.cpp */,
				4E9BE2BE287E19D100C2F429 /* armour.cpp */,
				4E9BE2BF287E19D100C2F429 /* armour.h */,
				4E9BE2BC287E19C600C2F429 /* weapon.h */,
				4E9BE2B8287E0EEF00C2F429 /* inventory.cpp */,
				4E9BE2B6287E0E9600C2F429 /* item.h */,
				4E3338C9287D4B1E00A08747 /* player.cpp */,
				4E9BE2B2287DD28B00C2F429 /* monster.cpp */,
				4E9BE2B3287DD28B00C2F429 /* monster.h */,
				4E3338C7287C740200A08747 /* game.cpp */,
				4E3338C1287C740200A08747 /* game.h */,
				4E3338C3287C740200A08747 /* intro.h */,
				4E3338C5287C740200A08747 /* senario.txt */,
				4E3338C2287C740200A08747 /* inventory.h */,
				4E3338C6287C740200A08747 /* STLIBINCLUDE.h */,
				4E2E592B287EEC63004B9A94 /* dArr.h */,
				4E301442287F47060069A898 /* characters.txt */,
			);
			path = seven_seas_console_RPG;
			sourceTree = "<group>";
		};
/* End PBXGroup section */

/* Begin PBXNativeTarget section */
		4E3338B5287C724500A08747 /* text_based_game */ = {
			isa = PBXNativeTarget;
			buildConfigurationList = 4E3338BD287C724500A08747 /* Build configuration list for PBXNativeTarget "text_based_game" */;
			buildPhases = (
				4E3338B2287C724500A08747 /* Sources */,
				4E3338B3287C724500A08747 /* Frameworks */,
				4E3338B4287C724500A08747 /* CopyFiles */,
			);
			buildRules = (
			);
			dependencies = (
			);
			name = text_based_game;
			productName = text_based_game;
			productReference = 4E3338B6287C724500A08747 /* text_based_game */;
			productType = "com.apple.product-type.tool";
		};
/* End PBXNativeTarget section */

/* Begin PBXProject section */
		4E3338AE287C724500A08747 /* Project object */ = {
			isa = PBXProject;
			attributes = {
				BuildIndependentTargetsInParallel = 1;
				LastUpgradeCheck = 1340;
				TargetAttributes = {
					4E3338B5287C724500A08747 = {
						CreatedOnToolsVersion = 13.4.1;
					};
				};
			};
			buildConfigurationList = 4E3338B1287C724500A08747 /* Build configuration list for PBXProject "seven_seas_console_rpg" */;
			compatibilityVersion = "Xcode 13.0";
			developmentRegion = en;
			hasScannedForEncodings = 0;
			knownRegions = (
				en,
				Base,
			);
			mainGroup = 4E3338AD287C724500A08747;
			productRefGroup = 4E3338B7287C724500A08747 /* Products */;
			projectDirPath = "";
			projectRoot = "";
			targets = (
				4E3338B5287C724500A08747 /* text_based_game */,
			);
		};
/* End PBXProject section */

/* Begin PBXSourcesBuildPhase section */
		4E3338B2287C724500A08747 /* Sources */ = {
			isa = PBXSourcesBuildPhase;
			buildActionMask = 2147483647;
			files = (
				4E9BE2B4287DD28B00C2F429 /* monster.cpp in Sources */,
				4E43C2FA287EBDB70001AB5F /* puzzle.cpp in Sources */,
				4E2E5929287ECC56004B9A94 /* room.cpp in Sources */,
				4E9BE2C0287E19D100C2F429 /* armour.cpp in Sources */,
				4E3338BA287C724500A08747 /* main.cpp in Sources */,
				4E3338C8287C740200A08747 /* game.cpp in Sources */,
				4E9BE2BD287E19C600C2F429 /* weapon.cpp in Sources */,
				4E9BE2B7287E0E9600C2F429 /* item.cpp in Sources */,
				4E3338CA287D4B1E00A08747 /* player.cpp in Sources */,
				4E43C2F4287EACA10001AB5F /* event.cpp in Sources */,
				4E9BE2BA287E0EEF00C2F429 /* inventory.cpp in Sources */,
			);
			runOnlyForDeploymentPostprocessing = 0;
		};
/* End PBXSourcesBuildPhase section */

/* Begin XCBuildConfiguration section */
		4E3338BB287C724500A08747 /* Debug */ = {
			isa = XCBuildConfiguration;
			buildSettings = {
				ALWAYS_SEARCH_USER_PATHS = NO;
				CLANG_ANALYZER_NONNULL = YES;
				CLANG_ANALYZER_NUMBER_OBJECT_CONVERSION = YES_AGGRESSIVE;
				CLANG_CXX_LANGUAGE_STANDARD = "gnu++17";
				CLANG_ENABLE_MODULES = YES;
				CLANG_ENABLE_OBJC_ARC = YES;
				CLANG_ENABLE_OBJC_WEAK = YES;
				CLANG_WARN_BLOCK_CAPTURE_AUTORELEASING = YES;
				CLANG_WARN_BOOL_CONVERSION = YES;
				CLANG_WARN_COMMA = YES;
				CLANG_WARN_CONSTANT_CONVERSION = YES;
				CLANG_WARN_DEPRECATED_OBJC_IMPLEMENTATIONS = YES;
				CLANG_WARN_DIRECT_OBJC_ISA_USAGE = YES_ERROR;
				CLANG_WARN_DOCUMENTATION_COMMENTS = YES;
				CLANG_WARN_EMPTY_BODY = YES;
				CLANG_WARN_ENUM_CONVERSION = YES;
				CLANG_WARN_INFINITE_RECURSION = YES;
				CLANG_WARN_INT_CONVERSION = YES;
				CLANG_WARN_NON_LITERAL_NULL_CONVERSION = YES;
				CLANG_WARN_OBJC_IMPLICIT_RETAIN_SELF = YES;
				CLANG_WARN_OBJC_LITERAL_CONVERSION = YES;
				CLANG_WARN_OBJC_ROOT_CLASS = YES_ERROR;
				CLANG_WARN_QUOTED_INCLUDE_IN_FRAMEWORK_HEADER = YES;
				CLANG_WARN_RANGE_LOOP_ANALYSIS = YES;
				CLANG_WARN_STRICT_PROTOTYPES = YES;
				CLANG_WARN_SUSPICIOUS_MOVE = YES;
				CLANG_WARN_UNGUARDED_AVAILABILITY = YES_AGGRESSIVE;
				CLANG_WARN_UNREACHABLE_CODE = YES;
				CLANG_WARN__DUPLICATE_METHOD_MATCH = YES;
				COPY_PHASE_STRIP = NO;
				DEBUG_INFORMATION_FORMAT = dwarf;
				ENABLE_STRICT_OBJC_MSGSEND = YES;
				ENABLE_TESTABILITY = YES;
				GCC_C_LANGUAGE_STANDARD = gnu11;
				GCC_DYNAMIC_NO_PIC = NO;
				GCC_NO_COMMON_BLOCKS = YES;
				GCC_OPTIMIZATION_LEVEL = 0;
				GCC_PREPROCESSOR_DEFINITIONS = (
					"DEBUG=1",
					"$(inherited)",
				);
				GCC_WARN_64_TO_32_BIT_CONVERSION = YES;
				GCC_WARN_ABOUT_RETURN_TYPE = YES_ERROR;
				GCC_WARN_UNDECLARED_SELECTOR = YES;
				GCC_WARN_UNINITIALIZED_AUTOS = YES_AGGRESSIVE;
				GCC_WARN_UNUSED_FUNCTION = YES;
				GCC_WARN_UNUSED_VARIABLE = YES;
				MACOSX_DEPLOYMENT_TARGET = 12.3;
				MTL_ENABLE_DEBUG_INFO = INCLUDE_SOURCE;
				MTL_FAST_MATH = YES;
				ONLY_ACTIVE_ARCH = YES;
				SDKROOT = macosx;
			};
			name = Debug;
		};
		4E3338BC287C724500A08747 /* Release */ = {
			isa = XCBuildConfiguration;
			buildSettings = {
				ALWAYS_SEARCH_USER_PATHS = NO;
				CLANG_ANALYZER_NONNULL = YES;
				CLANG_ANALYZER_NUMBER_OBJECT_CONVERSION = YES_AGGRESSIVE;
				CLANG_CXX_LANGUAGE_STANDARD = "gnu++17";
				CLANG_ENABLE_MODULES = YES;
				CLANG_ENABLE_OBJC_ARC = YES;
				CLANG_ENABLE_OBJC_WEAK = YES;
				CLANG_WARN_BLOCK_CAPTURE_AUTORELEASING = YES;
				CLANG_WARN_BOOL_CONVERSION = YES;
				CLANG_WARN_COMMA = YES;
				CLANG_WARN_CONSTANT_CONVERSION = YES;
				CLANG_WARN_DEPRECATED_OBJC_IMPLEMENTATIONS = YES;
				CLANG_WARN_DIRECT_OBJC_ISA_USAGE = YES_ERROR;
				CLANG_WARN_DOCUMENTATION_COMMENTS = YES;
				CLANG_WARN_EMPTY_BODY = YES;
				CLANG_WARN_ENUM_CONVERSION = YES;
				CLANG_WARN_INFINITE_RECURSION = YES;
				CLANG_WARN_INT_CONVERSION = YES;
				CLANG_WARN_NON_LITERAL_NULL_CONVERSION = YES;
				CLANG_WARN_OBJC_IMPLICIT_RETAIN_SELF = YES;
				CLANG_WARN_OBJC_LITERAL_CONVERSION = YES;
				CLANG_WARN_OBJC_ROOT_CLASS = YES_ERROR;
				CLANG_WARN_QUOTED_INCLUDE_IN_FRAMEWORK_HEADER = YES;
				CLANG_WARN_RANGE_LOOP_ANALYSIS = YES;
				CLANG_WARN_STRICT_PROTOTYPES = YES;
				CLANG_WARN_SUSPICIOUS_MOVE = YES;
				CLANG_WARN_UNGUARDED_AVAILABILITY = YES_AGGRESSIVE;
				CLANG_WARN_UNREACHABLE_CODE = YES;
				CLANG_WARN__DUPLICATE_METHOD_MATCH = YES;
				COPY_PHASE_STRIP = NO;
				DEBUG_INFORMATION_FORMAT = "dwarf-with-dsym";
				ENABLE_NS_ASSERTIONS = NO;
				ENABLE_STRICT_OBJC_MSGSEND = YES;
				GCC_C_LANGUAGE_STANDARD = gnu11;
				GCC_NO_COMMON_BLOCKS = YES;
				GCC_WARN_64_TO_32_BIT_CONVERSION = YES;
				GCC_WARN_ABOUT_RETURN_TYPE = YES_ERROR;
				GCC_WARN_UNDECLARED_SELECTOR = YES;
				GCC_WARN_UNINITIALIZED_AUTOS = YES_AGGRESSIVE;
				GCC_WARN_UNUSED_FUNCTION = YES;
				GCC_WARN_UNUSED_VARIABLE = YES;
				MACOSX_DEPLOYMENT_TARGET = 12.3;
				MTL_ENABLE_DEBUG_INFO = NO;
				MTL_FAST_MATH = YES;
				SDKROOT = macosx;
			};
			name = Release;
		};
		4E3338BE287C724500A08747 /* Debug */ = {
			isa = XCBuildConfiguration;
			buildSettings = {
				CODE_SIGN_STYLE = Automatic;
				PRODUCT_NAME = "$(TARGET_NAME)";
			};
			name = Debug;
		};
		4E3338BF287C724500A08747 /* Release */ = {
			isa = XCBuildConfiguration;
			buildSettings = {
				CODE_SIGN_STYLE = Automatic;
				PRODUCT_NAME = "$(TARGET_NAME)";
			};
			name = Release;
		};
/* End XCBuildConfiguration section */

/* Begin XCConfigurationList section */
		4E3338B1287C724500A08747 /* Build configuration list for PBXProject "seven_seas_console_rpg" */ = {
			isa = XCConfigurationList;
			buildConfigurations = (
				4E3338BB287C724500A08747 /* Debug */,
				4E3338BC287C724500A08747 /* Release */,
			);
			defaultConfigurationIsVisible = 0;
			defaultConfigurationName = Release;
		};
		4E3338BD287C724500A08747 /* Build configuration list for PBXNativeTarget "text_based_game" */ = {
			isa = XCConfigurationList;
			buildConfigurations = (
				4E3338BE287C724500A08747 /* Debug */,
				4E3338BF287C724500A08747 /* Release */,
			);
			defaultConfigurationIsVisible = 0;
			defaultConfigurationName = Release;
		};
/* End XCConfigurationList section */
	};
	rootObject = 4E3338AE287C724500A08747 /* Project object */;
}
